
Microsoft Visual Studio Solution File, Format Version 12.00
# Visual Studio 2012
Project("{8BC9CEB8-8B4A-11D0-8D11-00A0C91BC942}") = "libcdm", "libcdm.vcxproj", "{F1A9E886-D073-4216-8B16-BD3ED0B39A45}"
	ProjectSection(ProjectDependencies) = postProject
		{BBB5049F-0AFD-4063-9373-78619CF9BFC4} = {BBB5049F-0AFD-4063-9373-78619CF9BFC4}
	EndProjectSection
EndProject
Project("{8BC9CEB8-8B4A-11D0-8D11-00A0C91BC942}") = "cdmcore", "cdmcore.vcxproj", "{BBB5049F-0AFD-4063-9373-78619CF9BFC4}"
EndProject
Project("{8BC9CEB8-8B4A-11D0-8D11-00A0C91BC942}") = "cdm", "cdm.vcxproj", "{1B7220AD-0156-4667-A465-4C6FCF4A4687}"
	ProjectSection(ProjectDependencies) = postProject
		{BBB5049F-0AFD-4063-9373-78619CF9BFC4} = {BBB5049F-0AFD-4063-9373-78619CF9BFC4}
	EndProjectSection
EndProject
Global
	GlobalSection(SolutionConfigurationPlatforms) = preSolution
		Debug|Win32 = Debug|Win32
		Release|Win32 = Release|Win32
	EndGlobalSection
	GlobalSection(ProjectConfigurationPlatforms) = postSolution
		{F1A9E886-D073-4216-8B16-BD3ED0B39A45}.Debug|Win32.ActiveCfg = Debug|Win32
		{F1A9E886-D073-4216-8B16-BD3ED0B39A45}.Debug|Win32.Build.0 = Debug|Win32
		{F1A9E886-D073-4216-8B16-BD3ED0B39A45}.Release|Win32.ActiveCfg = Release|Win32
		{F1A9E886-D073-4216-8B16-BD3ED0B39A45}.Release|Win32.Build.0 = Release|Win32
		{BBB5049F-0AFD-4063-9373-78619CF9BFC4}.Debug|Win32.ActiveCfg = Debug|Win32
		{BBB5049F-0AFD-4063-9373-78619CF9BFC4}.Debug|Win32.Build.0 = Debug|Win32
		{BBB5049F-0AFD-4063-9373-78619CF9BFC4}.Release|Win32.ActiveCfg = Release|Win32
		{BBB5049F-0AFD-4063-9373-78619CF9BFC4}.Release|Win32.Build.0 = Release|Win32
		{1B7220AD-0156-4667-A465-4C6FCF4A4687}.Debug|Win32.ActiveCfg = Debug|Win32
		{1B7220AD-0156-4667-A465-4C6FCF4A4687}.Debug|Win32.Build.0 = Debug|Win32
		{1B7220AD-0156-4667-A465-4C6FCF4A4687}.Release|Win32.ActiveCfg = Release|Win32
		{1B7220AD-0156-4667-A465-4C6FCF4A4687}.Release|Win32.Build.0 = Release|Win32
	EndGlobalSection
	GlobalSection(SolutionProperties) = preSolution
		HideSolutionNode = FALSE
	EndGlobalSection
EndGlobal
